// !$*UTF8*$!
{
	archiveVersion = 1;
	classes = {
	};
	objectVersion = 46;
	objects = {

/* Begin PBXBuildFile section */
		0202312C3E2E4276A589B5A7 /* SDNetworkActivityIndicator.m in Sources */ = {isa = PBXBuildFile; fileRef = 4C98B9A898504A3D943A0244 /* SDNetworkActivityIndicator.m */; };
		0207DA581B56EA530066E2B4 /* Images.xcassets in Resources */ = {isa = PBXBuildFile; fileRef = 0207DA571B56EA530066E2B4 /* Images.xcassets */; };
		04C5A1FDE7FE4BCC98A29F80 /* WifiWizard2.m in Sources */ = {isa = PBXBuildFile; fileRef = FDC7D5D9A4324C3FADA87107 /* WifiWizard2.m */; };
		0E2532C63E4F4A03BEE36846 /* CDVJpegHeaderWriter.m in Sources */ = {isa = PBXBuildFile; fileRef = 35AB532BCE5D407AA49F6A32 /* CDVJpegHeaderWriter.m */; };
		12D14255C0D64AB48D16AFA7 /* AFNetworkReachabilityManager.m in Sources */ = {isa = PBXBuildFile; fileRef = 8AE5C6BF2F8040FEA590D884 /* AFNetworkReachabilityManager.m */; };
		13C0C4A2B6C14E6F90B9E1C8 /* AFURLResponseSerialization.m in Sources */ = {isa = PBXBuildFile; fileRef = B4DB8425F4824AD0B1E1D0E9 /* AFURLResponseSerialization.m */; };
		14F7AD4E4D7D45DEA36C1194 /* AFURLRequestSerialization.m in Sources */ = {isa = PBXBuildFile; fileRef = 47B8BB8A8654420DA6589F08 /* AFURLRequestSerialization.m */; };
		1D3623260D0F684500981E51 /* AppDelegate.m in Sources */ = {isa = PBXBuildFile; fileRef = 1D3623250D0F684500981E51 /* AppDelegate.m */; };
		1D60589B0D05DD56006BFB54 /* main.m in Sources */ = {isa = PBXBuildFile; fileRef = 29B97316FDCFA39411CA2CEA /* main.m */; };
		29FA226DCC0740B3948FE62B /* GCDAsyncSocket.m in Sources */ = {isa = PBXBuildFile; fileRef = 2DDF649904ED4C439647F294 /* GCDAsyncSocket.m */; };
		301BF552109A68D80062928A /* libCordova.a in Frameworks */ = {isa = PBXBuildFile; fileRef = 301BF535109A57CC0062928A /* libCordova.a */; settings = {ATTRIBUTES = (Required, ); }; };
		302D95F114D2391D003F00A1 /* MainViewController.m in Sources */ = {isa = PBXBuildFile; fileRef = 302D95EF14D2391D003F00A1 /* MainViewController.m */; };
		302D95F214D2391D003F00A1 /* MainViewController.xib in Resources */ = {isa = PBXBuildFile; fileRef = 302D95F014D2391D003F00A1 /* MainViewController.xib */; };
		350909939B174F1E9D993EA1 /* WebSocketAdvanced.m in Sources */ = {isa = PBXBuildFile; fileRef = 56B90A6DBEE64170A05A73AC /* WebSocketAdvanced.m */; };
		5C00EFC20A3B4930B16C01D0 /* TextRequestSerializer.m in Sources */ = {isa = PBXBuildFile; fileRef = C8F6327E843B41C4A6B48560 /* TextRequestSerializer.m */; };
		6AFF5BF91D6E424B00AB3073 /* CDVLaunchScreen.storyboard in Resources */ = {isa = PBXBuildFile; fileRef = 6AFF5BF81D6E424B00AB3073 /* CDVLaunchScreen.storyboard */; };
		79221964962D4A80B79CFAF4 /* CordovaWebsocketPlugin.m in Sources */ = {isa = PBXBuildFile; fileRef = D51B77A8805B4B3982BA2A5F /* CordovaWebsocketPlugin.m */; };
		7AB722920A4C48DA8E57A577 /* EVOBLE.m in Sources */ = {isa = PBXBuildFile; fileRef = 4EDD99FA2F6D4C79B818322F /* EVOBLE.m */; };
		7FDCFC2327D34EEC9001D7F2 /* SystemConfiguration.framework in Frameworks */ = {isa = PBXBuildFile; fileRef = 202B32F84E6940C9A84A6AA3 /* SystemConfiguration.framework */; };
		86E10B675E9D46B6B8BD9722 /* CFNetwork.framework in Frameworks */ = {isa = PBXBuildFile; fileRef = 8237B25A1E3648259D418D52 /* CFNetwork.framework */; };
		87A98A106FB549C1A142E8B9 /* CoreLocation.framework in Frameworks */ = {isa = PBXBuildFile; fileRef = E14B2497C8D04859A81CD429 /* CoreLocation.framework */; };
		87EE691EC6094F3188A42E53 /* Security.framework in Frameworks */ = {isa = PBXBuildFile; fileRef = 2CFE11AE9EA94ED8B6EB7B70 /* Security.framework */; };
		880C51536E864846B3330EB0 /* AFHTTPSessionManager.m in Sources */ = {isa = PBXBuildFile; fileRef = A224A7C93CC84AF68665AAC1 /* AFHTTPSessionManager.m */; };
		8EB98821CFAF418788BC45C7 /* CDVLocalFilesystem.m in Sources */ = {isa = PBXBuildFile; fileRef = A0DC16DA842346FE9D23AD2A /* CDVLocalFilesystem.m */; };
		A15F4AF9DC264BE48A5C1A5F /* NetworkExtension.framework in Frameworks */ = {isa = PBXBuildFile; fileRef = 82C261D1C040455FBDB38639 /* NetworkExtension.framework */; };
		AA21C591AC2A42CCBABD23C7 /* UIImage+CropScaleOrientation.m in Sources */ = {isa = PBXBuildFile; fileRef = 5B00349E37E5451D91DCCBDA /* UIImage+CropScaleOrientation.m */; };
		B29680A65F484E39A9422929 /* GCDAsyncUdpSocket.m in Sources */ = {isa = PBXBuildFile; fileRef = 332D4F3975884B3E8B3E216C /* GCDAsyncUdpSocket.m */; };
		B91B4C5BC9C7411FBD4B21CC /* CoreBluetooth.framework in Frameworks */ = {isa = PBXBuildFile; fileRef = CFADC9F1E4F342B2B32DD9EA /* CoreBluetooth.framework */; };
		BE72DB751C6246D0ACC1626D /* AFURLSessionManager.m in Sources */ = {isa = PBXBuildFile; fileRef = 793B65F446E7417CA9870B51 /* AFURLSessionManager.m */; };
		CBC8FBCD8EAB4AA4B1456F8B /* CDVAssetLibraryFilesystem.m in Sources */ = {isa = PBXBuildFile; fileRef = 43588118B1D34A2FB74E9358 /* CDVAssetLibraryFilesystem.m */; };
		CCE73E11211D43E9956E1C5F /* CDVDevice.m in Sources */ = {isa = PBXBuildFile; fileRef = 875C21155E514F64A4C31A72 /* CDVDevice.m */; };
		CCEB52DB113F4003AC8FE268 /* CDVCamera.m in Sources */ = {isa = PBXBuildFile; fileRef = 5C68A6F0121D46A0BF2E148E /* CDVCamera.m */; };
		D2DF48A8D3B34596A1AE4216 /* BinaryResponseSerializer.m in Sources */ = {isa = PBXBuildFile; fileRef = 273D1825917B459EBE9A8F94 /* BinaryResponseSerializer.m */; };
		D740F905474842D4B399CEA7 /* CordovaHttpPlugin.m in Sources */ = {isa = PBXBuildFile; fileRef = CDFA3B0F3A7C4B72B7CABD90 /* CordovaHttpPlugin.m */; };
		DADDCFCF3DBD4C7E8024BFEB /* CDVFile.m in Sources */ = {isa = PBXBuildFile; fileRef = A5A7302E0E1F4E1894DBC314 /* CDVFile.m */; };
		E17193ABACDC4BC588F5F224 /* ImageIO.framework in Frameworks */ = {isa = PBXBuildFile; fileRef = 6BECB21C07EC40698130E98B /* ImageIO.framework */; settings = {ATTRIBUTES = (Weak, ); }; };
		EE23B3D484F34B5AB674D1C0 /* AVFoundation.framework in Frameworks */ = {isa = PBXBuildFile; fileRef = EEF4E75C497346219F011497 /* AVFoundation.framework */; };
		F4C437ABA4F9458EB133D2F0 /* AFSecurityPolicy.m in Sources */ = {isa = PBXBuildFile; fileRef = FE84078AC393459BBF908117 /* AFSecurityPolicy.m */; };
		F55D33A6EE84436CBABF8316 /* TextResponseSerializer.m in Sources */ = {isa = PBXBuildFile; fileRef = 611ECB9D720C44FDA797CF32 /* TextResponseSerializer.m */; };
		FB43DB95423847B08D246A16 /* ChromeSocketsUdp.m in Sources */ = {isa = PBXBuildFile; fileRef = 9DC237BE10354310AAEE544C /* ChromeSocketsUdp.m */; };
/* End PBXBuildFile section */

/* Begin PBXContainerItemProxy section */
		301BF534109A57CC0062928A /* PBXContainerItemProxy */ = {
			isa = PBXContainerItemProxy;
			containerPortal = 301BF52D109A57CC0062928A /* CordovaLib/CordovaLib.xcodeproj */;
			proxyType = 2;
			remoteGlobalIDString = D2AAC07E0554694100DB518D;
			remoteInfo = CordovaLib;
		};
		301BF550109A68C00062928A /* PBXContainerItemProxy */ = {
			isa = PBXContainerItemProxy;
			containerPortal = 301BF52D109A57CC0062928A /* CordovaLib/CordovaLib.xcodeproj */;
			proxyType = 1;
			remoteGlobalIDString = D2AAC07D0554694100DB518D;
			remoteInfo = CordovaLib;
		};
		907D8123214C687600058A10 /* PBXContainerItemProxy */ = {
			isa = PBXContainerItemProxy;
			containerPortal = 301BF52D109A57CC0062928A /* CordovaLib/CordovaLib.xcodeproj */;
			proxyType = 2;
			remoteGlobalIDString = C0C01EB21E3911D50056E6CB;
			remoteInfo = Cordova;
		};
/* End PBXContainerItemProxy section */

/* Begin PBXFileReference section */
		00A11262063A44D18374F7DE /* CordovaWebsocketPlugin.h */ = {isa = PBXFileReference; explicitFileType = undefined; fileEncoding = 4; includeInIndex = 0; lastKnownFileType = sourcecode.c.h; name = CordovaWebsocketPlugin.h; path = "cordova-plugin-advanced-websocket/CordovaWebsocketPlugin.h"; sourceTree = "<group>"; };
		0152530725D54E4EAAFDFD23 /* AFURLSessionManager.h */ = {isa = PBXFileReference; explicitFileType = undefined; fileEncoding = 4; includeInIndex = 0; lastKnownFileType = sourcecode.c.h; name = AFURLSessionManager.h; path = "cordova-plugin-advanced-http/AFURLSessionManager.h"; sourceTree = "<group>"; };
		0207DA571B56EA530066E2B4 /* Images.xcassets */ = {isa = PBXFileReference; lastKnownFileType = folder.assetcatalog; name = Images.xcassets; path = HelloCordova/Images.xcassets; sourceTree = SOURCE_ROOT; };
		0E282BB0112842EFB3072D87 /* CDVCamera.h */ = {isa = PBXFileReference; explicitFileType = undefined; fileEncoding = 4; includeInIndex = 0; lastKnownFileType = sourcecode.c.h; name = CDVCamera.h; path = "cordova-plugin-camera/CDVCamera.h"; sourceTree = "<group>"; };
		156904DADD254C94A37E2F07 /* AFURLRequestSerialization.h */ = {isa = PBXFileReference; explicitFileType = undefined; fileEncoding = 4; includeInIndex = 0; lastKnownFileType = sourcecode.c.h; name = AFURLRequestSerialization.h; path = "cordova-plugin-advanced-http/AFURLRequestSerialization.h"; sourceTree = "<group>"; };
		1D3623240D0F684500981E51 /* AppDelegate.h */ = {isa = PBXFileReference; fileEncoding = 4; lastKnownFileType = sourcecode.c.h; path = AppDelegate.h; sourceTree = "<group>"; };
		1D3623250D0F684500981E51 /* AppDelegate.m */ = {isa = PBXFileReference; fileEncoding = 4; lastKnownFileType = sourcecode.c.objc; path = AppDelegate.m; sourceTree = "<group>"; };
		1D6058910D05DD3D006BFB54 /* HelloCordova.app */ = {isa = PBXFileReference; explicitFileType = wrapper.application; includeInIndex = 0; path = HelloCordova.app; sourceTree = BUILT_PRODUCTS_DIR; };
		1F439FC3B38741E889CBEEDF /* GCDAsyncSocket.h */ = {isa = PBXFileReference; explicitFileType = undefined; fileEncoding = 4; includeInIndex = 0; lastKnownFileType = sourcecode.c.h; name = GCDAsyncSocket.h; path = "cordova-plugin-chrome-apps-iossocketscommon/GCDAsyncSocket.h"; sourceTree = "<group>"; };
		202B32F84E6940C9A84A6AA3 /* SystemConfiguration.framework */ = {isa = PBXFileReference; explicitFileType = undefined; fileEncoding = 9; includeInIndex = 0; lastKnownFileType = wrapper.framework; name = SystemConfiguration.framework; path = System/Library/Frameworks/SystemConfiguration.framework; sourceTree = SDKROOT; };
		248E7E34FC48458BA182E788 /* WebSocketAdvanced.h */ = {isa = PBXFileReference; explicitFileType = undefined; fileEncoding = 4; includeInIndex = 0; lastKnownFileType = sourcecode.c.h; name = WebSocketAdvanced.h; path = "cordova-plugin-advanced-websocket/WebSocketAdvanced.h"; sourceTree = "<group>"; };
		273D1825917B459EBE9A8F94 /* BinaryResponseSerializer.m */ = {isa = PBXFileReference; explicitFileType = undefined; fileEncoding = 4; includeInIndex = 0; lastKnownFileType = sourcecode.c.objc; name = BinaryResponseSerializer.m; path = "cordova-plugin-advanced-http/BinaryResponseSerializer.m"; sourceTree = "<group>"; };
		29B97316FDCFA39411CA2CEA /* main.m */ = {isa = PBXFileReference; fileEncoding = 4; lastKnownFileType = sourcecode.c.objc; path = main.m; sourceTree = "<group>"; };
		2B7DC8A621F24AE1847D3D2B /* TextResponseSerializer.h */ = {isa = PBXFileReference; explicitFileType = undefined; fileEncoding = 4; includeInIndex = 0; lastKnownFileType = sourcecode.c.h; name = TextResponseSerializer.h; path = "cordova-plugin-advanced-http/TextResponseSerializer.h"; sourceTree = "<group>"; };
		2CFE11AE9EA94ED8B6EB7B70 /* Security.framework */ = {isa = PBXFileReference; explicitFileType = undefined; fileEncoding = 9; includeInIndex = 0; lastKnownFileType = wrapper.framework; name = Security.framework; path = System/Library/Frameworks/Security.framework; sourceTree = SDKROOT; };
		2DDF649904ED4C439647F294 /* GCDAsyncSocket.m */ = {isa = PBXFileReference; explicitFileType = undefined; fileEncoding = 4; includeInIndex = 0; lastKnownFileType = sourcecode.c.objc; name = GCDAsyncSocket.m; path = "cordova-plugin-chrome-apps-iossocketscommon/GCDAsyncSocket.m"; sourceTree = "<group>"; };
		301BF52D109A57CC0062928A /* CordovaLib/CordovaLib.xcodeproj */ = {isa = PBXFileReference; lastKnownFileType = "wrapper.pb-project"; path = CordovaLib/CordovaLib.xcodeproj; sourceTree = "<group>"; };
		301BF56E109A69640062928A /* www */ = {isa = PBXFileReference; lastKnownFileType = folder; path = www; sourceTree = SOURCE_ROOT; };
		302D95EE14D2391D003F00A1 /* MainViewController.h */ = {isa = PBXFileReference; fileEncoding = 4; lastKnownFileType = sourcecode.c.h; path = MainViewController.h; sourceTree = "<group>"; };
		302D95EF14D2391D003F00A1 /* MainViewController.m */ = {isa = PBXFileReference; fileEncoding = 4; lastKnownFileType = sourcecode.c.objc; path = MainViewController.m; sourceTree = "<group>"; };
		302D95F014D2391D003F00A1 /* MainViewController.xib */ = {isa = PBXFileReference; fileEncoding = 4; lastKnownFileType = file.xib; path = MainViewController.xib; sourceTree = "<group>"; };
		3047A50F1AB8059700498E2A /* build-debug.xcconfig */ = {isa = PBXFileReference; fileEncoding = 4; lastKnownFileType = text.xcconfig; name = "build-debug.xcconfig"; path = "cordova/build-debug.xcconfig"; sourceTree = SOURCE_ROOT; };
		3047A5101AB8059700498E2A /* build-release.xcconfig */ = {isa = PBXFileReference; fileEncoding = 4; lastKnownFileType = text.xcconfig; name = "build-release.xcconfig"; path = "cordova/build-release.xcconfig"; sourceTree = SOURCE_ROOT; };
		3047A5111AB8059700498E2A /* build.xcconfig */ = {isa = PBXFileReference; fileEncoding = 4; lastKnownFileType = text.xcconfig; name = build.xcconfig; path = cordova/build.xcconfig; sourceTree = SOURCE_ROOT; };
		32CA4F630368D1EE00C91783 /* HelloCordova-Prefix.pch */ = {isa = PBXFileReference; fileEncoding = 4; lastKnownFileType = sourcecode.c.h; path = "HelloCordova-Prefix.pch"; sourceTree = "<group>"; };
		332D4F3975884B3E8B3E216C /* GCDAsyncUdpSocket.m */ = {isa = PBXFileReference; explicitFileType = undefined; fileEncoding = 4; includeInIndex = 0; lastKnownFileType = sourcecode.c.objc; name = GCDAsyncUdpSocket.m; path = "cordova-plugin-chrome-apps-iossocketscommon/GCDAsyncUdpSocket.m"; sourceTree = "<group>"; };
		35AB532BCE5D407AA49F6A32 /* CDVJpegHeaderWriter.m */ = {isa = PBXFileReference; explicitFileType = undefined; fileEncoding = 4; includeInIndex = 0; lastKnownFileType = sourcecode.c.objc; name = CDVJpegHeaderWriter.m; path = "cordova-plugin-camera/CDVJpegHeaderWriter.m"; sourceTree = "<group>"; };
		43588118B1D34A2FB74E9358 /* CDVAssetLibraryFilesystem.m */ = {isa = PBXFileReference; explicitFileType = undefined; fileEncoding = 4; includeInIndex = 0; lastKnownFileType = sourcecode.c.objc; name = CDVAssetLibraryFilesystem.m; path = "cordova-plugin-file/CDVAssetLibraryFilesystem.m"; sourceTree = "<group>"; };
		47B8BB8A8654420DA6589F08 /* AFURLRequestSerialization.m */ = {isa = PBXFileReference; explicitFileType = undefined; fileEncoding = 4; includeInIndex = 0; lastKnownFileType = sourcecode.c.objc; name = AFURLRequestSerialization.m; path = "cordova-plugin-advanced-http/AFURLRequestSerialization.m"; sourceTree = "<group>"; };
		4C98B9A898504A3D943A0244 /* SDNetworkActivityIndicator.m */ = {isa = PBXFileReference; explicitFileType = undefined; fileEncoding = 4; includeInIndex = 0; lastKnownFileType = sourcecode.c.objc; name = SDNetworkActivityIndicator.m; path = "cordova-plugin-advanced-http/SDNetworkActivityIndicator.m"; sourceTree = "<group>"; };
		4EDD99FA2F6D4C79B818322F /* EVOBLE.m */ = {isa = PBXFileReference; explicitFileType = undefined; fileEncoding = 4; includeInIndex = 0; lastKnownFileType = sourcecode.c.objc; name = EVOBLE.m; path = "cordova-plugin-ble/EVOBLE.m"; sourceTree = "<group>"; };
		56B90A6DBEE64170A05A73AC /* WebSocketAdvanced.m */ = {isa = PBXFileReference; explicitFileType = undefined; fileEncoding = 4; includeInIndex = 0; lastKnownFileType = sourcecode.c.objc; name = WebSocketAdvanced.m; path = "cordova-plugin-advanced-websocket/WebSocketAdvanced.m"; sourceTree = "<group>"; };
		5A790AEF8A2448589D7202E1 /* CDVJpegHeaderWriter.h */ = {isa = PBXFileReference; explicitFileType = undefined; fileEncoding = 4; includeInIndex = 0; lastKnownFileType = sourcecode.c.h; name = CDVJpegHeaderWriter.h; path = "cordova-plugin-camera/CDVJpegHeaderWriter.h"; sourceTree = "<group>"; };
		5B00349E37E5451D91DCCBDA /* UIImage+CropScaleOrientation.m */ = {isa = PBXFileReference; explicitFileType = undefined; fileEncoding = 4; includeInIndex = 0; lastKnownFileType = sourcecode.c.objc; name = "UIImage+CropScaleOrientation.m"; path = "cordova-plugin-camera/UIImage+CropScaleOrientation.m"; sourceTree = "<group>"; };
		5C68A6F0121D46A0BF2E148E /* CDVCamera.m */ = {isa = PBXFileReference; explicitFileType = undefined; fileEncoding = 4; includeInIndex = 0; lastKnownFileType = sourcecode.c.objc; name = CDVCamera.m; path = "cordova-plugin-camera/CDVCamera.m"; sourceTree = "<group>"; };
		5CDB8245E6E94B73BC3E7406 /* AFNetworkReachabilityManager.h */ = {isa = PBXFileReference; explicitFileType = undefined; fileEncoding = 4; includeInIndex = 0; lastKnownFileType = sourcecode.c.h; name = AFNetworkReachabilityManager.h; path = "cordova-plugin-advanced-http/AFNetworkReachabilityManager.h"; sourceTree = "<group>"; };
		611ECB9D720C44FDA797CF32 /* TextResponseSerializer.m */ = {isa = PBXFileReference; explicitFileType = undefined; fileEncoding = 4; includeInIndex = 0; lastKnownFileType = sourcecode.c.objc; name = TextResponseSerializer.m; path = "cordova-plugin-advanced-http/TextResponseSerializer.m"; sourceTree = "<group>"; };
		61B84A3B2A914013A6E9649D /* BinaryResponseSerializer.h */ = {isa = PBXFileReference; explicitFileType = undefined; fileEncoding = 4; includeInIndex = 0; lastKnownFileType = sourcecode.c.h; name = BinaryResponseSerializer.h; path = "cordova-plugin-advanced-http/BinaryResponseSerializer.h"; sourceTree = "<group>"; };
		6AFF5BF81D6E424B00AB3073 /* CDVLaunchScreen.storyboard */ = {isa = PBXFileReference; fileEncoding = 4; lastKnownFileType = file.storyboard; name = CDVLaunchScreen.storyboard; path = HelloCordova/CDVLaunchScreen.storyboard; sourceTree = SOURCE_ROOT; };
		6BECB21C07EC40698130E98B /* ImageIO.framework */ = {isa = PBXFileReference; explicitFileType = undefined; fileEncoding = 9; includeInIndex = 0; lastKnownFileType = wrapper.framework; name = ImageIO.framework; path = System/Library/Frameworks/ImageIO.framework; sourceTree = SDKROOT; };
		6FA79AE17D394815A466F7F2 /* AFURLResponseSerialization.h */ = {isa = PBXFileReference; explicitFileType = undefined; fileEncoding = 4; includeInIndex = 0; lastKnownFileType = sourcecode.c.h; name = AFURLResponseSerialization.h; path = "cordova-plugin-advanced-http/AFURLResponseSerialization.h"; sourceTree = "<group>"; };
		793B65F446E7417CA9870B51 /* AFURLSessionManager.m */ = {isa = PBXFileReference; explicitFileType = undefined; fileEncoding = 4; includeInIndex = 0; lastKnownFileType = sourcecode.c.objc; name = AFURLSessionManager.m; path = "cordova-plugin-advanced-http/AFURLSessionManager.m"; sourceTree = "<group>"; };
		8237B25A1E3648259D418D52 /* CFNetwork.framework */ = {isa = PBXFileReference; explicitFileType = undefined; fileEncoding = 9; includeInIndex = 0; lastKnownFileType = wrapper.framework; name = CFNetwork.framework; path = System/Library/Frameworks/CFNetwork.framework; sourceTree = SDKROOT; };
		82C261D1C040455FBDB38639 /* NetworkExtension.framework */ = {isa = PBXFileReference; explicitFileType = undefined; fileEncoding = 9; includeInIndex = 0; lastKnownFileType = wrapper.framework; name = NetworkExtension.framework; path = System/Library/Frameworks/NetworkExtension.framework; sourceTree = SDKROOT; };
		83B31637F17C4187A0FED444 /* CordovaHttpPlugin.h */ = {isa = PBXFileReference; explicitFileType = undefined; fileEncoding = 4; includeInIndex = 0; lastKnownFileType = sourcecode.c.h; name = CordovaHttpPlugin.h; path = "cordova-plugin-advanced-http/CordovaHttpPlugin.h"; sourceTree = "<group>"; };
		8707EE933AB84621B507B397 /* CDVFile.h */ = {isa = PBXFileReference; explicitFileType = undefined; fileEncoding = 4; includeInIndex = 0; lastKnownFileType = sourcecode.c.h; name = CDVFile.h; path = "cordova-plugin-file/CDVFile.h"; sourceTree = "<group>"; };
		875C21155E514F64A4C31A72 /* CDVDevice.m */ = {isa = PBXFileReference; explicitFileType = undefined; fileEncoding = 4; includeInIndex = 0; lastKnownFileType = sourcecode.c.objc; name = CDVDevice.m; path = "cordova-plugin-device/CDVDevice.m"; sourceTree = "<group>"; };
		8AE5C6BF2F8040FEA590D884 /* AFNetworkReachabilityManager.m */ = {isa = PBXFileReference; explicitFileType = undefined; fileEncoding = 4; includeInIndex = 0; lastKnownFileType = sourcecode.c.objc; name = AFNetworkReachabilityManager.m; path = "cordova-plugin-advanced-http/AFNetworkReachabilityManager.m"; sourceTree = "<group>"; };
		8BFC6BB727E24FDAAB40E7D2 /* AFSecurityPolicy.h */ = {isa = PBXFileReference; explicitFileType = undefined; fileEncoding = 4; includeInIndex = 0; lastKnownFileType = sourcecode.c.h; name = AFSecurityPolicy.h; path = "cordova-plugin-advanced-http/AFSecurityPolicy.h"; sourceTree = "<group>"; };
		8D1107310486CEB800E47090 /* HelloCordova-Info.plist */ = {isa = PBXFileReference; fileEncoding = 4; lastKnownFileType = text.plist.xml; name = "HelloCordova-Info.plist"; path = "HelloCordova/HelloCordova-Info.plist"; plistStructureDefinitionIdentifier = "com.apple.xcode.plist.structure-definition.iphone.info-plist"; sourceTree = SOURCE_ROOT; };
		9DC237BE10354310AAEE544C /* ChromeSocketsUdp.m */ = {isa = PBXFileReference; explicitFileType = undefined; fileEncoding = 4; includeInIndex = 0; lastKnownFileType = sourcecode.c.objc; name = ChromeSocketsUdp.m; path = "cordova-plugin-chrome-apps-sockets-udp/ChromeSocketsUdp.m"; sourceTree = "<group>"; };
		A0DC16DA842346FE9D23AD2A /* CDVLocalFilesystem.m */ = {isa = PBXFileReference; explicitFileType = undefined; fileEncoding = 4; includeInIndex = 0; lastKnownFileType = sourcecode.c.objc; name = CDVLocalFilesystem.m; path = "cordova-plugin-file/CDVLocalFilesystem.m"; sourceTree = "<group>"; };
		A224A7C93CC84AF68665AAC1 /* AFHTTPSessionManager.m */ = {isa = PBXFileReference; explicitFileType = undefined; fileEncoding = 4; includeInIndex = 0; lastKnownFileType = sourcecode.c.objc; name = AFHTTPSessionManager.m; path = "cordova-plugin-advanced-http/AFHTTPSessionManager.m"; sourceTree = "<group>"; };
		A5A7302E0E1F4E1894DBC314 /* CDVFile.m */ = {isa = PBXFileReference; explicitFileType = undefined; fileEncoding = 4; includeInIndex = 0; lastKnownFileType = sourcecode.c.objc; name = CDVFile.m; path = "cordova-plugin-file/CDVFile.m"; sourceTree = "<group>"; };
		AA303E269E5F46048E727CD8 /* GCDAsyncUdpSocket.h */ = {isa = PBXFileReference; explicitFileType = undefined; fileEncoding = 4; includeInIndex = 0; lastKnownFileType = sourcecode.c.h; name = GCDAsyncUdpSocket.h; path = "cordova-plugin-chrome-apps-iossocketscommon/GCDAsyncUdpSocket.h"; sourceTree = "<group>"; };
		B3F9D1CDE0864116BF7DD630 /* AFNetworking.h */ = {isa = PBXFileReference; explicitFileType = undefined; fileEncoding = 4; includeInIndex = 0; lastKnownFileType = sourcecode.c.h; name = AFNetworking.h; path = "cordova-plugin-advanced-http/AFNetworking.h"; sourceTree = "<group>"; };
		B4DB8425F4824AD0B1E1D0E9 /* AFURLResponseSerialization.m */ = {isa = PBXFileReference; explicitFileType = undefined; fileEncoding = 4; includeInIndex = 0; lastKnownFileType = sourcecode.c.objc; name = AFURLResponseSerialization.m; path = "cordova-plugin-advanced-http/AFURLResponseSerialization.m"; sourceTree = "<group>"; };
		B7E51F8E6EFC4B85B9100C29 /* CDVDevice.h */ = {isa = PBXFileReference; explicitFileType = undefined; fileEncoding = 4; includeInIndex = 0; lastKnownFileType = sourcecode.c.h; name = CDVDevice.h; path = "cordova-plugin-device/CDVDevice.h"; sourceTree = "<group>"; };
		BB7AF6095E6D40BF9BA90B0B /* TextRequestSerializer.h */ = {isa = PBXFileReference; explicitFileType = undefined; fileEncoding = 4; includeInIndex = 0; lastKnownFileType = sourcecode.c.h; name = TextRequestSerializer.h; path = "cordova-plugin-advanced-http/TextRequestSerializer.h"; sourceTree = "<group>"; };
		C3CF650F8192409594601164 /* AFHTTPSessionManager.h */ = {isa = PBXFileReference; explicitFileType = undefined; fileEncoding = 4; includeInIndex = 0; lastKnownFileType = sourcecode.c.h; name = AFHTTPSessionManager.h; path = "cordova-plugin-advanced-http/AFHTTPSessionManager.h"; sourceTree = "<group>"; };
		C8F6327E843B41C4A6B48560 /* TextRequestSerializer.m */ = {isa = PBXFileReference; explicitFileType = undefined; fileEncoding = 4; includeInIndex = 0; lastKnownFileType = sourcecode.c.objc; name = TextRequestSerializer.m; path = "cordova-plugin-advanced-http/TextRequestSerializer.m"; sourceTree = "<group>"; };
		CB8909EC39D04EF9B861E5EF /* CDVLocalFilesystem.h */ = {isa = PBXFileReference; explicitFileType = undefined; fileEncoding = 4; includeInIndex = 0; lastKnownFileType = sourcecode.c.h; name = CDVLocalFilesystem.h; path = "cordova-plugin-file/CDVLocalFilesystem.h"; sourceTree = "<group>"; };
		CDFA3B0F3A7C4B72B7CABD90 /* CordovaHttpPlugin.m */ = {isa = PBXFileReference; explicitFileType = undefined; fileEncoding = 4; includeInIndex = 0; lastKnownFileType = sourcecode.c.objc; name = CordovaHttpPlugin.m; path = "cordova-plugin-advanced-http/CordovaHttpPlugin.m"; sourceTree = "<group>"; };
		CFADC9F1E4F342B2B32DD9EA /* CoreBluetooth.framework */ = {isa = PBXFileReference; explicitFileType = undefined; fileEncoding = 9; includeInIndex = 0; lastKnownFileType = wrapper.framework; name = CoreBluetooth.framework; path = System/Library/Frameworks/CoreBluetooth.framework; sourceTree = SDKROOT; };
		D51B77A8805B4B3982BA2A5F /* CordovaWebsocketPlugin.m */ = {isa = PBXFileReference; explicitFileType = undefined; fileEncoding = 4; includeInIndex = 0; lastKnownFileType = sourcecode.c.objc; name = CordovaWebsocketPlugin.m; path = "cordova-plugin-advanced-websocket/CordovaWebsocketPlugin.m"; sourceTree = "<group>"; };
		D63D18734A084AF683578955 /* CDVExif.h */ = {isa = PBXFileReference; explicitFileType = undefined; fileEncoding = 4; includeInIndex = 0; lastKnownFileType = sourcecode.c.h; name = CDVExif.h; path = "cordova-plugin-camera/CDVExif.h"; sourceTree = "<group>"; };
		DBE0CFA9831040609E66D522 /* WifiWizard2.h */ = {isa = PBXFileReference; explicitFileType = undefined; fileEncoding = 4; includeInIndex = 0; lastKnownFileType = sourcecode.c.h; name = WifiWizard2.h; path = wifiwizard2/WifiWizard2.h; sourceTree = "<group>"; };
		DF18885246DF4405B5F3207F /* CDVAssetLibraryFilesystem.h */ = {isa = PBXFileReference; explicitFileType = undefined; fileEncoding = 4; includeInIndex = 0; lastKnownFileType = sourcecode.c.h; name = CDVAssetLibraryFilesystem.h; path = "cordova-plugin-file/CDVAssetLibraryFilesystem.h"; sourceTree = "<group>"; };
		E0064D1014424AD989232F4A /* EVOBLE.h */ = {isa = PBXFileReference; explicitFileType = undefined; fileEncoding = 4; includeInIndex = 0; lastKnownFileType = sourcecode.c.h; name = EVOBLE.h; path = "cordova-plugin-ble/EVOBLE.h"; sourceTree = "<group>"; };
		E14B2497C8D04859A81CD429 /* CoreLocation.framework */ = {isa = PBXFileReference; explicitFileType = undefined; fileEncoding = 9; includeInIndex = 0; lastKnownFileType = wrapper.framework; name = CoreLocation.framework; path = System/Library/Frameworks/CoreLocation.framework; sourceTree = SDKROOT; };
		E2D8B9F61AEA4ADCADDED95F /* SDNetworkActivityIndicator.h */ = {isa = PBXFileReference; explicitFileType = undefined; fileEncoding = 4; includeInIndex = 0; lastKnownFileType = sourcecode.c.h; name = SDNetworkActivityIndicator.h; path = "cordova-plugin-advanced-http/SDNetworkActivityIndicator.h"; sourceTree = "<group>"; };
		EB87FDF31871DA8E0020F90C /* www */ = {isa = PBXFileReference; lastKnownFileType = folder; name = www; path = ../../www; sourceTree = "<group>"; };
		EB87FDF41871DAF40020F90C /* config.xml */ = {isa = PBXFileReference; lastKnownFileType = text.xml; name = config.xml; path = ../../config.xml; sourceTree = "<group>"; };
		ED33DF2A687741AEAF9F8254 /* Bridging-Header.h */ = {isa = PBXFileReference; fileEncoding = 4; lastKnownFileType = sourcecode.c.h; path = "Bridging-Header.h"; sourceTree = "<group>"; };
		EEF4E75C497346219F011497 /* AVFoundation.framework */ = {isa = PBXFileReference; explicitFileType = undefined; fileEncoding = 9; includeInIndex = 0; lastKnownFileType = wrapper.framework; name = AVFoundation.framework; path = System/Library/Frameworks/AVFoundation.framework; sourceTree = SDKROOT; };
		F4BEF1C527254E3F874A169B /* UIImage+CropScaleOrientation.h */ = {isa = PBXFileReference; explicitFileType = undefined; fileEncoding = 4; includeInIndex = 0; lastKnownFileType = sourcecode.c.h; name = "UIImage+CropScaleOrientation.h"; path = "cordova-plugin-camera/UIImage+CropScaleOrientation.h"; sourceTree = "<group>"; };
		F840E1F0165FE0F500CFE078 /* config.xml */ = {isa = PBXFileReference; lastKnownFileType = text.xml; name = config.xml; path = HelloCordova/config.xml; sourceTree = "<group>"; };
		FDC7D5D9A4324C3FADA87107 /* WifiWizard2.m */ = {isa = PBXFileReference; explicitFileType = undefined; fileEncoding = 4; includeInIndex = 0; lastKnownFileType = sourcecode.c.objc; name = WifiWizard2.m; path = wifiwizard2/WifiWizard2.m; sourceTree = "<group>"; };
		FE84078AC393459BBF908117 /* AFSecurityPolicy.m */ = {isa = PBXFileReference; explicitFileType = undefined; fileEncoding = 4; includeInIndex = 0; lastKnownFileType = sourcecode.c.objc; name = AFSecurityPolicy.m; path = "cordova-plugin-advanced-http/AFSecurityPolicy.m"; sourceTree = "<group>"; };
/* End PBXFileReference section */

/* Begin PBXFrameworksBuildPhase section */
		1D60588F0D05DD3D006BFB54 /* Frameworks */ = {
			isa = PBXFrameworksBuildPhase;
			buildActionMask = 2147483647;
			files = (
				301BF552109A68D80062928A /* libCordova.a in Frameworks */,
				87EE691EC6094F3188A42E53 /* Security.framework in Frameworks */,
				7FDCFC2327D34EEC9001D7F2 /* SystemConfiguration.framework in Frameworks */,
				E17193ABACDC4BC588F5F224 /* ImageIO.framework in Frameworks */,
				87A98A106FB549C1A142E8B9 /* CoreLocation.framework in Frameworks */,
				EE23B3D484F34B5AB674D1C0 /* AVFoundation.framework in Frameworks */,
				B91B4C5BC9C7411FBD4B21CC /* CoreBluetooth.framework in Frameworks */,
				A15F4AF9DC264BE48A5C1A5F /* NetworkExtension.framework in Frameworks */,
				86E10B675E9D46B6B8BD9722 /* CFNetwork.framework in Frameworks */,
			);
			runOnlyForDeploymentPostprocessing = 0;
		};
/* End PBXFrameworksBuildPhase section */

/* Begin PBXGroup section */
		080E96DDFE201D6D7F000001 /* Classes */ = {
			isa = PBXGroup;
			children = (
				302D95EE14D2391D003F00A1 /* MainViewController.h */,
				302D95EF14D2391D003F00A1 /* MainViewController.m */,
				302D95F014D2391D003F00A1 /* MainViewController.xib */,
				1D3623240D0F684500981E51 /* AppDelegate.h */,
				1D3623250D0F684500981E51 /* AppDelegate.m */,
			);
			name = Classes;
			path = HelloCordova/Classes;
			sourceTree = SOURCE_ROOT;
		};
		19C28FACFE9D520D11CA2CBB /* Products */ = {
			isa = PBXGroup;
			children = (
				1D6058910D05DD3D006BFB54 /* HelloCordova.app */,
			);
			name = Products;
			sourceTree = "<group>";
		};
		29B97314FDCFA39411CA2CEA /* CustomTemplate */ = {
			isa = PBXGroup;
			children = (
				EB87FDF41871DAF40020F90C /* config.xml */,
				EB87FDF31871DA8E0020F90C /* www */,
				EB87FDF11871DA420020F90C /* Staging */,
				301BF52D109A57CC0062928A /* CordovaLib/CordovaLib.xcodeproj */,
				080E96DDFE201D6D7F000001 /* Classes */,
				307C750510C5A3420062BCA9 /* Plugins */,
				29B97315FDCFA39411CA2CEA /* Other Sources */,
				29B97317FDCFA39411CA2CEA /* Resources */,
				29B97323FDCFA39411CA2CEA /* Frameworks */,
				19C28FACFE9D520D11CA2CBB /* Products */,
			);
			name = CustomTemplate;
			sourceTree = "<group>";
		};
		29B97315FDCFA39411CA2CEA /* Other Sources */ = {
			isa = PBXGroup;
			children = (
				32CA4F630368D1EE00C91783 /* HelloCordova-Prefix.pch */,
				29B97316FDCFA39411CA2CEA /* main.m */,
				ED33DF2A687741AEAF9F8254 /* Bridging-Header.h */,
			);
			name = "Other Sources";
			path = HelloCordova;
			sourceTree = "<group>";
		};
		29B97317FDCFA39411CA2CEA /* Resources */ = {
			isa = PBXGroup;
			children = (
				0207DA571B56EA530066E2B4 /* Images.xcassets */,
				3047A50E1AB8057F00498E2A /* config */,
				8D1107310486CEB800E47090 /* HelloCordova-Info.plist */,
				6AFF5BF81D6E424B00AB3073 /* CDVLaunchScreen.storyboard */,
			);
			name = Resources;
			path = HelloCordova/Resources;
			sourceTree = "<group>";
		};
		29B97323FDCFA39411CA2CEA /* Frameworks */ = {
			isa = PBXGroup;
			children = (
				2CFE11AE9EA94ED8B6EB7B70 /* Security.framework */,
				202B32F84E6940C9A84A6AA3 /* SystemConfiguration.framework */,
				6BECB21C07EC40698130E98B /* ImageIO.framework */,
				E14B2497C8D04859A81CD429 /* CoreLocation.framework */,
				EEF4E75C497346219F011497 /* AVFoundation.framework */,
				CFADC9F1E4F342B2B32DD9EA /* CoreBluetooth.framework */,
				82C261D1C040455FBDB38639 /* NetworkExtension.framework */,
				8237B25A1E3648259D418D52 /* CFNetwork.framework */,
			);
			name = Frameworks;
			sourceTree = "<group>";
		};
		301BF52E109A57CC0062928A /* Products */ = {
			isa = PBXGroup;
			children = (
				301BF535109A57CC0062928A /* libCordova.a */,
				907D8124214C687600058A10 /* Cordova.framework */,
			);
			name = Products;
			sourceTree = "<group>";
		};
		3047A50E1AB8057F00498E2A /* config */ = {
			isa = PBXGroup;
			children = (
				3047A50F1AB8059700498E2A /* build-debug.xcconfig */,
				3047A5101AB8059700498E2A /* build-release.xcconfig */,
				3047A5111AB8059700498E2A /* build.xcconfig */,
			);
			name = config;
			sourceTree = "<group>";
		};
		307C750510C5A3420062BCA9 /* Plugins */ = {
			isa = PBXGroup;
			children = (
				A5A7302E0E1F4E1894DBC314 /* CDVFile.m */,
				A0DC16DA842346FE9D23AD2A /* CDVLocalFilesystem.m */,
				43588118B1D34A2FB74E9358 /* CDVAssetLibraryFilesystem.m */,
				8707EE933AB84621B507B397 /* CDVFile.h */,
				CB8909EC39D04EF9B861E5EF /* CDVLocalFilesystem.h */,
				DF18885246DF4405B5F3207F /* CDVAssetLibraryFilesystem.h */,
				CDFA3B0F3A7C4B72B7CABD90 /* CordovaHttpPlugin.m */,
				273D1825917B459EBE9A8F94 /* BinaryResponseSerializer.m */,
				611ECB9D720C44FDA797CF32 /* TextResponseSerializer.m */,
				C8F6327E843B41C4A6B48560 /* TextRequestSerializer.m */,
				A224A7C93CC84AF68665AAC1 /* AFHTTPSessionManager.m */,
				8AE5C6BF2F8040FEA590D884 /* AFNetworkReachabilityManager.m */,
				FE84078AC393459BBF908117 /* AFSecurityPolicy.m */,
				47B8BB8A8654420DA6589F08 /* AFURLRequestSerialization.m */,
				B4DB8425F4824AD0B1E1D0E9 /* AFURLResponseSerialization.m */,
				793B65F446E7417CA9870B51 /* AFURLSessionManager.m */,
				4C98B9A898504A3D943A0244 /* SDNetworkActivityIndicator.m */,
				83B31637F17C4187A0FED444 /* CordovaHttpPlugin.h */,
				61B84A3B2A914013A6E9649D /* BinaryResponseSerializer.h */,
				2B7DC8A621F24AE1847D3D2B /* TextResponseSerializer.h */,
				BB7AF6095E6D40BF9BA90B0B /* TextRequestSerializer.h */,
				C3CF650F8192409594601164 /* AFHTTPSessionManager.h */,
				B3F9D1CDE0864116BF7DD630 /* AFNetworking.h */,
				5CDB8245E6E94B73BC3E7406 /* AFNetworkReachabilityManager.h */,
				8BFC6BB727E24FDAAB40E7D2 /* AFSecurityPolicy.h */,
				156904DADD254C94A37E2F07 /* AFURLRequestSerialization.h */,
				6FA79AE17D394815A466F7F2 /* AFURLResponseSerialization.h */,
				0152530725D54E4EAAFDFD23 /* AFURLSessionManager.h */,
				E2D8B9F61AEA4ADCADDED95F /* SDNetworkActivityIndicator.h */,
				56B90A6DBEE64170A05A73AC /* WebSocketAdvanced.m */,
				D51B77A8805B4B3982BA2A5F /* CordovaWebsocketPlugin.m */,
				248E7E34FC48458BA182E788 /* WebSocketAdvanced.h */,
				00A11262063A44D18374F7DE /* CordovaWebsocketPlugin.h */,
				5B00349E37E5451D91DCCBDA /* UIImage+CropScaleOrientation.m */,
				5C68A6F0121D46A0BF2E148E /* CDVCamera.m */,
				35AB532BCE5D407AA49F6A32 /* CDVJpegHeaderWriter.m */,
				F4BEF1C527254E3F874A169B /* UIImage+CropScaleOrientation.h */,
				0E282BB0112842EFB3072D87 /* CDVCamera.h */,
				5A790AEF8A2448589D7202E1 /* CDVJpegHeaderWriter.h */,
				D63D18734A084AF683578955 /* CDVExif.h */,
				875C21155E514F64A4C31A72 /* CDVDevice.m */,
				B7E51F8E6EFC4B85B9100C29 /* CDVDevice.h */,
				4EDD99FA2F6D4C79B818322F /* EVOBLE.m */,
				E0064D1014424AD989232F4A /* EVOBLE.h */,
				FDC7D5D9A4324C3FADA87107 /* WifiWizard2.m */,
				DBE0CFA9831040609E66D522 /* WifiWizard2.h */,
				2DDF649904ED4C439647F294 /* GCDAsyncSocket.m */,
				332D4F3975884B3E8B3E216C /* GCDAsyncUdpSocket.m */,
				1F439FC3B38741E889CBEEDF /* GCDAsyncSocket.h */,
				AA303E269E5F46048E727CD8 /* GCDAsyncUdpSocket.h */,
				9DC237BE10354310AAEE544C /* ChromeSocketsUdp.m */,
			);
			name = Plugins;
			path = HelloCordova/Plugins;
			sourceTree = SOURCE_ROOT;
		};
		EB87FDF11871DA420020F90C /* Staging */ = {
			isa = PBXGroup;
			children = (
				F840E1F0165FE0F500CFE078 /* config.xml */,
				301BF56E109A69640062928A /* www */,
			);
			name = Staging;
			sourceTree = "<group>";
		};
/* End PBXGroup section */

/* Begin PBXNativeTarget section */
		1D6058900D05DD3D006BFB54 /* HelloCordova */ = {
			isa = PBXNativeTarget;
			buildConfigurationList = 1D6058960D05DD3E006BFB54 /* Build configuration list for PBXNativeTarget "HelloCordova" */;
			buildPhases = (
				304B58A110DAC018002A0835 /* Copy www directory */,
				1D60588D0D05DD3D006BFB54 /* Resources */,
				1D60588E0D05DD3D006BFB54 /* Sources */,
				1D60588F0D05DD3D006BFB54 /* Frameworks */,
			);
			buildRules = (
			);
			dependencies = (
				301BF551109A68C00062928A /* PBXTargetDependency */,
			);
			name = HelloCordova;
			productName = HelloCordova;
			productReference = 1D6058910D05DD3D006BFB54 /* HelloCordova.app */;
			productType = "com.apple.product-type.application";
		};
/* End PBXNativeTarget section */

/* Begin PBXProject section */
		29B97313FDCFA39411CA2CEA /* Project object */ = {
			isa = PBXProject;
			attributes = {
				LastUpgradeCheck = 510;
				TargetAttributes = {
					1D6058900D05DD3D006BFB54 = {
						ProvisioningStyle = Manual;
						SystemCapabilities = {
							com.apple.BackgroundModes = {
								enabled = 0;
							};
							com.apple.WAC = {
								enabled = 0;
							};
						};
					};
				};
			};
			buildConfigurationList = C01FCF4E08A954540054247B /* Build configuration list for PBXProject "HelloCordova" */;
			compatibilityVersion = "Xcode 3.2";
			developmentRegion = English;
			hasScannedForEncodings = 1;
			knownRegions = (
				English,
				en,
			);
			mainGroup = 29B97314FDCFA39411CA2CEA /* CustomTemplate */;
			projectDirPath = "";
			projectReferences = (
				{
					ProductGroup = 301BF52E109A57CC0062928A /* Products */;
					ProjectRef = 301BF52D109A57CC0062928A /* CordovaLib/CordovaLib.xcodeproj */;
				},
			);
			projectRoot = "";
			targets = (
				1D6058900D05DD3D006BFB54 /* HelloCordova */,
			);
		};
/* End PBXProject section */

/* Begin PBXReferenceProxy section */
		301BF535109A57CC0062928A /* libCordova.a */ = {
			isa = PBXReferenceProxy;
			fileType = archive.ar;
			path = libCordova.a;
			remoteRef = 301BF534109A57CC0062928A /* PBXContainerItemProxy */;
			sourceTree = BUILT_PRODUCTS_DIR;
		};
		907D8124214C687600058A10 /* Cordova.framework */ = {
			isa = PBXReferenceProxy;
			fileType = wrapper.framework;
			path = Cordova.framework;
			remoteRef = 907D8123214C687600058A10 /* PBXContainerItemProxy */;
			sourceTree = BUILT_PRODUCTS_DIR;
		};
/* End PBXReferenceProxy section */

/* Begin PBXResourcesBuildPhase section */
		1D60588D0D05DD3D006BFB54 /* Resources */ = {
			isa = PBXResourcesBuildPhase;
			buildActionMask = 2147483647;
			files = (
				302D95F214D2391D003F00A1 /* MainViewController.xib in Resources */,
				0207DA581B56EA530066E2B4 /* Images.xcassets in Resources */,
				6AFF5BF91D6E424B00AB3073 /* CDVLaunchScreen.storyboard in Resources */,
			);
			runOnlyForDeploymentPostprocessing = 0;
		};
/* End PBXResourcesBuildPhase section */

/* Begin PBXShellScriptBuildPhase section */
		304B58A110DAC018002A0835 /* Copy www directory */ = {
			isa = PBXShellScriptBuildPhase;
			buildActionMask = 2147483647;
			files = (
			);
			inputPaths = (
			);
			name = "Copy www directory";
			outputPaths = (
			);
			runOnlyForDeploymentPostprocessing = 0;
			shellPath = /bin/sh;
			shellScript = "\"$SRCROOT/HelloCordova/Scripts/copy-www-build-step.sh\"";
			showEnvVarsInLog = 0;
		};
/* End PBXShellScriptBuildPhase section */

/* Begin PBXSourcesBuildPhase section */
		1D60588E0D05DD3D006BFB54 /* Sources */ = {
			isa = PBXSourcesBuildPhase;
			buildActionMask = 2147483647;
			files = (
				1D60589B0D05DD56006BFB54 /* main.m in Sources */,
				1D3623260D0F684500981E51 /* AppDelegate.m in Sources */,
				302D95F114D2391D003F00A1 /* MainViewController.m in Sources */,
				DADDCFCF3DBD4C7E8024BFEB /* CDVFile.m in Sources */,
				8EB98821CFAF418788BC45C7 /* CDVLocalFilesystem.m in Sources */,
				CBC8FBCD8EAB4AA4B1456F8B /* CDVAssetLibraryFilesystem.m in Sources */,
				D740F905474842D4B399CEA7 /* CordovaHttpPlugin.m in Sources */,
				D2DF48A8D3B34596A1AE4216 /* BinaryResponseSerializer.m in Sources */,
				F55D33A6EE84436CBABF8316 /* TextResponseSerializer.m in Sources */,
				5C00EFC20A3B4930B16C01D0 /* TextRequestSerializer.m in Sources */,
				880C51536E864846B3330EB0 /* AFHTTPSessionManager.m in Sources */,
				12D14255C0D64AB48D16AFA7 /* AFNetworkReachabilityManager.m in Sources */,
				F4C437ABA4F9458EB133D2F0 /* AFSecurityPolicy.m in Sources */,
				14F7AD4E4D7D45DEA36C1194 /* AFURLRequestSerialization.m in Sources */,
				13C0C4A2B6C14E6F90B9E1C8 /* AFURLResponseSerialization.m in Sources */,
				BE72DB751C6246D0ACC1626D /* AFURLSessionManager.m in Sources */,
				0202312C3E2E4276A589B5A7 /* SDNetworkActivityIndicator.m in Sources */,
				350909939B174F1E9D993EA1 /* WebSocketAdvanced.m in Sources */,
				79221964962D4A80B79CFAF4 /* CordovaWebsocketPlugin.m in Sources */,
				AA21C591AC2A42CCBABD23C7 /* UIImage+CropScaleOrientation.m in Sources */,
				CCEB52DB113F4003AC8FE268 /* CDVCamera.m in Sources */,
				0E2532C63E4F4A03BEE36846 /* CDVJpegHeaderWriter.m in Sources */,
				CCE73E11211D43E9956E1C5F /* CDVDevice.m in Sources */,
				7AB722920A4C48DA8E57A577 /* EVOBLE.m in Sources */,
				04C5A1FDE7FE4BCC98A29F80 /* WifiWizard2.m in Sources */,
				29FA226DCC0740B3948FE62B /* GCDAsyncSocket.m in Sources */,
				B29680A65F484E39A9422929 /* GCDAsyncUdpSocket.m in Sources */,
				FB43DB95423847B08D246A16 /* ChromeSocketsUdp.m in Sources */,
			);
			runOnlyForDeploymentPostprocessing = 0;
		};
/* End PBXSourcesBuildPhase section */

/* Begin PBXTargetDependency section */
		301BF551109A68C00062928A /* PBXTargetDependency */ = {
			isa = PBXTargetDependency;
			name = CordovaLib;
			targetProxy = 301BF550109A68C00062928A /* PBXContainerItemProxy */;
		};
/* End PBXTargetDependency section */

/* Begin XCBuildConfiguration section */
		1D6058940D05DD3E006BFB54 /* Debug */ = {
			isa = XCBuildConfiguration;
			baseConfigurationReference = 3047A50F1AB8059700498E2A /* build-debug.xcconfig */;
			buildSettings = {
				ALWAYS_SEARCH_USER_PATHS = NO;
				ASSETCATALOG_COMPILER_APPICON_NAME = AppIcon;
				ASSETCATALOG_COMPILER_LAUNCHIMAGE_NAME = LaunchImage;
				CLANG_ENABLE_MODULES = YES;
				CLANG_ENABLE_OBJC_ARC = YES;
				CODE_SIGN_STYLE = Manual;
				COPY_PHASE_STRIP = NO;
				DEVELOPMENT_TEAM = "";
				GCC_DYNAMIC_NO_PIC = NO;
				GCC_OPTIMIZATION_LEVEL = 0;
				GCC_PRECOMPILE_PREFIX_HEADER = YES;
				GCC_PREFIX_HEADER = "HelloCordova/HelloCordova-Prefix.pch";
				GCC_THUMB_SUPPORT = NO;
				GCC_VERSION = "";
				INFOPLIST_FILE = "HelloCordova/HelloCordova-Info.plist";
				IPHONEOS_DEPLOYMENT_TARGET = 10.0;
				LD_RUNPATH_SEARCH_PATHS = "@executable_path/Frameworks";
				PRODUCT_BUNDLE_IDENTIFIER = com.zcmorefun.smartfire;
				PRODUCT_NAME = "$(TARGET_NAME)";
				PROVISIONING_PROFILE_SPECIFIER = "";
				TARGETED_DEVICE_FAMILY = "1,2";
			};
			name = Debug;
		};
		1D6058950D05DD3E006BFB54 /* Release */ = {
			isa = XCBuildConfiguration;
			baseConfigurationReference = 3047A5101AB8059700498E2A /* build-release.xcconfig */;
			buildSettings = {
				ALWAYS_SEARCH_USER_PATHS = NO;
				ASSETCATALOG_COMPILER_APPICON_NAME = AppIcon;
				ASSETCATALOG_COMPILER_LAUNCHIMAGE_NAME = LaunchImage;
				CLANG_ENABLE_MODULES = YES;
				CLANG_ENABLE_OBJC_ARC = YES;
				CODE_SIGN_STYLE = Manual;
				COPY_PHASE_STRIP = YES;
				DEVELOPMENT_TEAM = "";
				GCC_PRECOMPILE_PREFIX_HEADER = YES;
				GCC_PREFIX_HEADER = "HelloCordova/HelloCordova-Prefix.pch";
				GCC_THUMB_SUPPORT = NO;
				GCC_VERSION = "";
				INFOPLIST_FILE = "HelloCordova/HelloCordova-Info.plist";
				IPHONEOS_DEPLOYMENT_TARGET = 10.0;
				LD_RUNPATH_SEARCH_PATHS = "@executable_path/Frameworks";
				PRODUCT_BUNDLE_IDENTIFIER = com.zcmorefun.smartfire;
				PRODUCT_NAME = "$(TARGET_NAME)";
				PROVISIONING_PROFILE_SPECIFIER = "";
				TARGETED_DEVICE_FAMILY = "1,2";
			};
			name = Release;
		};
		C01FCF4F08A954540054247B /* Debug */ = {
			isa = XCBuildConfiguration;
			baseConfigurationReference = 3047A5111AB8059700498E2A /* build.xcconfig */;
			buildSettings = {
				CLANG_ENABLE_MODULES = YES;
				CLANG_ENABLE_OBJC_ARC = YES;
				CLANG_WARN_BLOCK_CAPTURE_AUTORELEASING = YES;
				CLANG_WARN_BOOL_CONVERSION = YES;
				CLANG_WARN_COMMA = YES;
				CLANG_WARN_CONSTANT_CONVERSION = YES;
				CLANG_WARN_DEPRECATED_OBJC_IMPLEMENTATIONS = YES;
				CLANG_WARN_EMPTY_BODY = YES;
				CLANG_WARN_ENUM_CONVERSION = YES;
				CLANG_WARN_INFINITE_RECURSION = YES;
				CLANG_WARN_INT_CONVERSION = YES;
				CLANG_WARN_NON_LITERAL_NULL_CONVERSION = YES;
				CLANG_WARN_OBJC_IMPLICIT_RETAIN_SELF = YES;
				CLANG_WARN_OBJC_LITERAL_CONVERSION = YES;
				CLANG_WARN_RANGE_LOOP_ANALYSIS = YES;
				CLANG_WARN_STRICT_PROTOTYPES = YES;
				CLANG_WARN_SUSPICIOUS_MOVE = YES;
				CLANG_WARN_UNREACHABLE_CODE = YES;
				CLANG_WARN__DUPLICATE_METHOD_MATCH = YES;
				ENABLE_STRICT_OBJC_MSGSEND = YES;
				ENABLE_TESTABILITY = YES;
				GCC_C_LANGUAGE_STANDARD = c99;
				GCC_NO_COMMON_BLOCKS = YES;
				GCC_THUMB_SUPPORT = NO;
				GCC_VERSION = "";
				GCC_WARN_64_TO_32_BIT_CONVERSION = YES;
				GCC_WARN_ABOUT_RETURN_TYPE = YES;
				GCC_WARN_UNDECLARED_SELECTOR = YES;
				GCC_WARN_UNINITIALIZED_AUTOS = YES;
				GCC_WARN_UNUSED_FUNCTION = YES;
				GCC_WARN_UNUSED_VARIABLE = YES;
				ONLY_ACTIVE_ARCH = YES;
				PRODUCT_BUNDLE_IDENTIFIER = com.yourDomain.youPackageName;
				SDKROOT = iphoneos;
				SKIP_INSTALL = NO;
			};
			name = Debug;
		};
		C01FCF5008A954540054247B /* Release */ = {
			isa = XCBuildConfiguration;
			baseConfigurationReference = 3047A5111AB8059700498E2A /* build.xcconfig */;
			buildSettings = {
				CLANG_ENABLE_MODULES = YES;
				CLANG_ENABLE_OBJC_ARC = YES;
				CLANG_WARN_BLOCK_CAPTURE_AUTORELEASING = YES;
				CLANG_WARN_BOOL_CONVERSION = YES;
				CLANG_WARN_COMMA = YES;
				CLANG_WARN_CONSTANT_CONVERSION = YES;
				CLANG_WARN_DEPRECATED_OBJC_IMPLEMENTATIONS = YES;
				CLANG_WARN_EMPTY_BODY = YES;
				CLANG_WARN_ENUM_CONVERSION = YES;
				CLANG_WARN_INFINITE_RECURSION = YES;
				CLANG_WARN_INT_CONVERSION = YES;
				CLANG_WARN_NON_LITERAL_NULL_CONVERSION = YES;
				CLANG_WARN_OBJC_IMPLICIT_RETAIN_SELF = YES;
				CLANG_WARN_OBJC_LITERAL_CONVERSION = YES;
				CLANG_WARN_RANGE_LOOP_ANALYSIS = YES;
				CLANG_WARN_STRICT_PROTOTYPES = YES;
				CLANG_WARN_SUSPICIOUS_MOVE = YES;
				CLANG_WARN_UNREACHABLE_CODE = YES;
				CLANG_WARN__DUPLICATE_METHOD_MATCH = YES;
				ENABLE_STRICT_OBJC_MSGSEND = YES;
				GCC_C_LANGUAGE_STANDARD = c99;
				GCC_NO_COMMON_BLOCKS = YES;
				GCC_THUMB_SUPPORT = NO;
				GCC_VERSION = "";
				GCC_WARN_64_TO_32_BIT_CONVERSION = YES;
				GCC_WARN_ABOUT_RETURN_TYPE = YES;
				GCC_WARN_UNDECLARED_SELECTOR = YES;
				GCC_WARN_UNINITIALIZED_AUTOS = YES;
				GCC_WARN_UNUSED_FUNCTION = YES;
				GCC_WARN_UNUSED_VARIABLE = YES;
				PRODUCT_BUNDLE_IDENTIFIER = com.yourDomain.youPackageName;
				SDKROOT = iphoneos;
				SKIP_INSTALL = NO;
			};
			name = Release;
		};
/* End XCBuildConfiguration section */

/* Begin XCConfigurationList section */
		1D6058960D05DD3E006BFB54 /* Build configuration list for PBXNativeTarget "HelloCordova" */ = {
			isa = XCConfigurationList;
			buildConfigurations = (
				1D6058940D05DD3E006BFB54 /* Debug */,
				1D6058950D05DD3E006BFB54 /* Release */,
			);
			defaultConfigurationIsVisible = 0;
			defaultConfigurationName = Release;
		};
		C01FCF4E08A954540054247B /* Build configuration list for PBXProject "HelloCordova" */ = {
			isa = XCConfigurationList;
			buildConfigurations = (
				C01FCF4F08A954540054247B /* Debug */,
				C01FCF5008A954540054247B /* Release */,
			);
			defaultConfigurationIsVisible = 0;
			defaultConfigurationName = Release;
		};
/* End XCConfigurationList section */
	};
	rootObject = 29B97313FDCFA39411CA2CEA /* Project object */;
}
